
Microsoft Visual Studio Solution File, Format Version 12.00
# Visual Studio Version 16
VisualStudioVersion = 16.0.30907.101
MinimumVisualStudioVersion = 10.0.40219.1
Project("{FAE04EC0-301F-11D3-BF4B-00C04F79EFBC}") = "recursia", "recursia\recursia.csproj", "{50D85178-67E5-4301-977A-6C66F640B3A9}"
EndProject
Global
	GlobalSection(SolutionConfigurationPlatforms) = preSolution
		Debug|Any CPU = Debug|Any CPU
		Release|Any CPU = Release|Any CPU
	EndGlobalSection
	GlobalSection(ProjectConfigurationPlatforms) = postSolution
		{50D85178-67E5-4301-977A-6C66F640B3A9}.Debug|Any CPU.ActiveCfg = Debug|Any CPU
		{50D85178-67E5-4301-977A-6C66F640B3A9}.Debug|Any CPU.Build.0 = Debug|Any CPU
		{50D85178-67E5-4301-977A-6C66F640B3A9}.Release|Any CPU.ActiveCfg = Release|Any CPU
		{50D85178-67E5-4301-977A-6C66F640B3A9}.Release|Any CPU.Build.0 = Release|Any CPU
	EndGlobalSection
	GlobalSection(SolutionProperties) = preSolution
		HideSolutionNode = FALSE
	EndGlobalSection
	GlobalSection(ExtensibilityGlobals) = postSolution
		SolutionGuid = {E9A8F7B7-BF3D-4351-9956-9279A1CA20F6}
	EndGlobalSection
EndGlobal
